<?xml version="1.0" encoding="utf-8"?>
<Project ToolsVersion="4.0" xmlns="http://schemas.microsoft.com/developer/msbuild/2003">
  <ItemGroup>
    <Filter Include="Fichiers d%27en-tête">
      <UniqueIdentifier>{93995380-89BD-4b04-88EB-625FBE52EBFB}</UniqueIdentifier>
      <Extensions>h;hh;hpp;hxx;hm;inl;inc;xsd</Extensions>
    </Filter>
    <Filter Include="Fichiers de ressources">
      <UniqueIdentifier>{67DA6AB6-F800-4c08-8B7A-83BB121AAD01}</UniqueIdentifier>
      <Extensions>rc;ico;cur;bmp;dlg;rc2;rct;bin;rgs;gif;jpg;jpeg;jpe;resx;tiff;tif;png;wav;mfcribbon-ms</Extensions>
    </Filter>
    <Filter Include="Common">
      <UniqueIdentifier>{4FC737F1-C7A5-4376-A066-2A32D752A2FF}</UniqueIdentifier>
      <Extensions>cpp;c;cc;cxx;def;odl;idl;hpj;bat;asm;asmx</Extensions>
    </Filter>
    <Filter Include="Windows">
      <UniqueIdentifier>{f5998e7b-a599-4f21-92ae-2b162c5da76d}</UniqueIdentifier>
    </Filter>
    <Filter Include="Linux">
      <UniqueIdentifier>{bfdd549a-3785-4bb8-b649-f733fcb3caeb}</UniqueIdentifier>
    </Filter>
  </ItemGroup>
  <ItemGroup>
    <ClCompile Include="Windows\WinSocket.cpp">
      <Filter>Windows</Filter>
    </ClCompile>
    <ClCompile Include="Common\main.cpp">
      <Filter>Common</Filter>
    </ClCompile>
    <ClCompile Include="Common\MySocket.cpp">
      <Filter>Common</Filter>
    </ClCompile>
    <ClCompile Include="Common\Parser.cpp">
      <Filter>Common</Filter>
    </ClCompile>
    <ClCompile Include="Common\User.cpp">
      <Filter>Common</Filter>
    </ClCompile>
    <ClCompile Include="Common\Server.cpp">
      <Filter>Common</Filter>
    </ClCompile>
    <ClCompile Include="Windows\CFSWindows.cpp">
      <Filter>Common</Filter>
    </ClCompile>
  </ItemGroup>
  <ItemGroup>
    <ClInclude Include="Windows\WinSocket.hh">
      <Filter>Windows</Filter>
    </ClInclude>
    <ClInclude Include="Common\MySocket.hh">
      <Filter>Common</Filter>
    </ClInclude>
    <ClInclude Include="Common\ISocket.hh">
      <Filter>Common</Filter>
    </ClInclude>
    <ClInclude Include="Common\User.hh">
      <Filter>Fichiers d%27en-tête</Filter>
    </ClInclude>
    <ClInclude Include="Common\Parser.hh">
      <Filter>Fichiers d%27en-tête</Filter>
    </ClInclude>
    <ClInclude Include="Common\IFSAbstract.hh">
      <Filter>Fichiers d%27en-tête</Filter>
    </ClInclude>
    <ClInclude Include="Windows\CFSWindows.hh">
      <Filter>Fichiers d%27en-tête</Filter>
    </ClInclude>
    <ClInclude Include="Common\Server.hh">
      <Filter>Fichiers d%27en-tête</Filter>
    </ClInclude>
  </ItemGroup>
</Project>